# THIS IS AN AUTOGENERATED FILE. DO NOT EDIT THIS FILE DIRECTLY.
# yarn lockfile v1


react-hover-image@^2.0.1:
  version "2.0.1"
  resolved "https://registry.yarnpkg.com/react-hover-image/-/react-hover-image-2.0.1.tgz#d21c729d520cb5c70e1a632afe14434eb834236f"
  integrity sha512-eamAKxOQAHfAqYuFPU+RGCOradhFLv9HCVKnKKJqTZPMS+P7H3q8xJq0ZZ3TKr3rtNJOI1Ha6RZPuCfPNuadWg==
